
Microsoft Visual Studio Solution File, Format Version 12.00
# Visual Studio Version 16
VisualStudioVersion = 16.0.31129.286
MinimumVisualStudioVersion = 10.0.40219.1
Project("{9A19103F-16F7-4668-BE54-9A1E7A4F7556}") = "Lab01_HelloWorld", "Lab01_HelloWorld\Lab01_HelloWorld.csproj", "{DFF7CB72-488C-494E-B538-67823A1B3BB8}"
EndProject
Project("{9A19103F-16F7-4668-BE54-9A1E7A4F7556}") = "Lab02_HelloMyName", "Lab02_HelloMyName\Lab02_HelloMyName.csproj", "{351B6DAB-5029-4045-9CE1-4534FB816162}"
EndProject
Project("{9A19103F-16F7-4668-BE54-9A1E7A4F7556}") = "Lab03_StudentInfo", "Lab03_StudentInfo\Lab03_StudentInfo.csproj", "{178AE413-0B2B-474D-BF25-8F1E85309BDC}"
EndProject
Project("{9A19103F-16F7-4668-BE54-9A1E7A4F7556}") = "Lab4_TriangleArea", "Lab4_TriangleArea\Lab4_TriangleArea.csproj", "{ED1199FE-D735-4CD9-AD75-5150ABA3BA2E}"
EndProject
Project("{FAE04EC0-301F-11D3-BF4B-00C04F79EFBC}") = "Lab05_Cylindrical", "Lab05_Cylindrical\Lab05_Cylindrical.csproj", "{83546C57-C1F4-4EAD-973D-76A4662E0693}"
EndProject
Project("{FAE04EC0-301F-11D3-BF4B-00C04F79EFBC}") = "Lab06_DateTimeNow", "Lab06_DateTimeNow\Lab06_DateTimeNow.csproj", "{33BEB69C-6BF1-4CAC-BF1C-E3ED3CC287D7}"
EndProject
Project("{FAE04EC0-301F-11D3-BF4B-00C04F79EFBC}") = "Lab07_CalSumGrade", "Lab07_CalSumGrade\Lab07_CalSumGrade.csproj", "{ACF214FE-14DE-458B-9495-B631091D63F7}"
EndProject
Project("{FAE04EC0-301F-11D3-BF4B-00C04F79EFBC}") = "Lab08_Mean", "Lab08_Mean\Lab08_Mean.csproj", "{F5CCB1ED-B6A7-4580-8FE9-BD2811BBB40C}"
EndProject
Project("{FAE04EC0-301F-11D3-BF4B-00C04F79EFBC}") = "EX1_Switch", "EX1_Switch\EX1_Switch.csproj", "{952DBBE6-35A3-4C75-9C18-67C52867EB9E}"
EndProject
Global
	GlobalSection(SolutionConfigurationPlatforms) = preSolution
		Debug|Any CPU = Debug|Any CPU
		Release|Any CPU = Release|Any CPU
	EndGlobalSection
	GlobalSection(ProjectConfigurationPlatforms) = postSolution
		{DFF7CB72-488C-494E-B538-67823A1B3BB8}.Debug|Any CPU.ActiveCfg = Debug|Any CPU
		{DFF7CB72-488C-494E-B538-67823A1B3BB8}.Debug|Any CPU.Build.0 = Debug|Any CPU
		{DFF7CB72-488C-494E-B538-67823A1B3BB8}.Release|Any CPU.ActiveCfg = Release|Any CPU
		{DFF7CB72-488C-494E-B538-67823A1B3BB8}.Release|Any CPU.Build.0 = Release|Any CPU
		{351B6DAB-5029-4045-9CE1-4534FB816162}.Debug|Any CPU.ActiveCfg = Debug|Any CPU
		{351B6DAB-5029-4045-9CE1-4534FB816162}.Debug|Any CPU.Build.0 = Debug|Any CPU
		{351B6DAB-5029-4045-9CE1-4534FB816162}.Release|Any CPU.ActiveCfg = Release|Any CPU
		{351B6DAB-5029-4045-9CE1-4534FB816162}.Release|Any CPU.Build.0 = Release|Any CPU
		{178AE413-0B2B-474D-BF25-8F1E85309BDC}.Debug|Any CPU.ActiveCfg = Debug|Any CPU
		{178AE413-0B2B-474D-BF25-8F1E85309BDC}.Debug|Any CPU.Build.0 = Debug|Any CPU
		{178AE413-0B2B-474D-BF25-8F1E85309BDC}.Release|Any CPU.ActiveCfg = Release|Any CPU
		{178AE413-0B2B-474D-BF25-8F1E85309BDC}.Release|Any CPU.Build.0 = Release|Any CPU
		{ED1199FE-D735-4CD9-AD75-5150ABA3BA2E}.Debug|Any CPU.ActiveCfg = Debug|Any CPU
		{ED1199FE-D735-4CD9-AD75-5150ABA3BA2E}.Debug|Any CPU.Build.0 = Debug|Any CPU
		{ED1199FE-D735-4CD9-AD75-5150ABA3BA2E}.Release|Any CPU.ActiveCfg = Release|Any CPU
		{ED1199FE-D735-4CD9-AD75-5150ABA3BA2E}.Release|Any CPU.Build.0 = Release|Any CPU
		{83546C57-C1F4-4EAD-973D-76A4662E0693}.Debug|Any CPU.ActiveCfg = Debug|Any CPU
		{83546C57-C1F4-4EAD-973D-76A4662E0693}.Debug|Any CPU.Build.0 = Debug|Any CPU
		{83546C57-C1F4-4EAD-973D-76A4662E0693}.Release|Any CPU.ActiveCfg = Release|Any CPU
		{83546C57-C1F4-4EAD-973D-76A4662E0693}.Release|Any CPU.Build.0 = Release|Any CPU
		{33BEB69C-6BF1-4CAC-BF1C-E3ED3CC287D7}.Debug|Any CPU.ActiveCfg = Debug|Any CPU
		{33BEB69C-6BF1-4CAC-BF1C-E3ED3CC287D7}.Debug|Any CPU.Build.0 = Debug|Any CPU
		{33BEB69C-6BF1-4CAC-BF1C-E3ED3CC287D7}.Release|Any CPU.ActiveCfg = Release|Any CPU
		{33BEB69C-6BF1-4CAC-BF1C-E3ED3CC287D7}.Release|Any CPU.Build.0 = Release|Any CPU
		{ACF214FE-14DE-458B-9495-B631091D63F7}.Debug|Any CPU.ActiveCfg = Debug|Any CPU
		{ACF214FE-14DE-458B-9495-B631091D63F7}.Debug|Any CPU.Build.0 = Debug|Any CPU
		{ACF214FE-14DE-458B-9495-B631091D63F7}.Release|Any CPU.ActiveCfg = Release|Any CPU
		{ACF214FE-14DE-458B-9495-B631091D63F7}.Release|Any CPU.Build.0 = Release|Any CPU
		{F5CCB1ED-B6A7-4580-8FE9-BD2811BBB40C}.Debug|Any CPU.ActiveCfg = Debug|Any CPU
		{F5CCB1ED-B6A7-4580-8FE9-BD2811BBB40C}.Debug|Any CPU.Build.0 = Debug|Any CPU
		{F5CCB1ED-B6A7-4580-8FE9-BD2811BBB40C}.Release|Any CPU.ActiveCfg = Release|Any CPU
		{F5CCB1ED-B6A7-4580-8FE9-BD2811BBB40C}.Release|Any CPU.Build.0 = Release|Any CPU
		{952DBBE6-35A3-4C75-9C18-67C52867EB9E}.Debug|Any CPU.ActiveCfg = Debug|Any CPU
		{952DBBE6-35A3-4C75-9C18-67C52867EB9E}.Debug|Any CPU.Build.0 = Debug|Any CPU
		{952DBBE6-35A3-4C75-9C18-67C52867EB9E}.Release|Any CPU.ActiveCfg = Release|Any CPU
		{952DBBE6-35A3-4C75-9C18-67C52867EB9E}.Release|Any CPU.Build.0 = Release|Any CPU
	EndGlobalSection
	GlobalSection(SolutionProperties) = preSolution
		HideSolutionNode = FALSE
	EndGlobalSection
	GlobalSection(ExtensibilityGlobals) = postSolution
		SolutionGuid = {A23D3FBB-48D4-41C7-A3AE-25B005DFEB0D}
	EndGlobalSection
EndGlobal
