
Microsoft Visual Studio Solution File, Format Version 12.00
# Visual Studio Version 16
VisualStudioVersion = 16.0.31129.286
MinimumVisualStudioVersion = 10.0.40219.1
Project("{9A19103F-16F7-4668-BE54-9A1E7A4F7556}") = "Lab01_HelloWorld", "Lab01_HelloWorld\Lab01_HelloWorld.csproj", "{DFF7CB72-488C-494E-B538-67823A1B3BB8}"
EndProject
Project("{9A19103F-16F7-4668-BE54-9A1E7A4F7556}") = "Lab02_HelloMyName", "Lab02_HelloMyName\Lab02_HelloMyName.csproj", "{351B6DAB-5029-4045-9CE1-4534FB816162}"
EndProject
Project("{9A19103F-16F7-4668-BE54-9A1E7A4F7556}") = "Lab03_StudentInfo", "Lab03_StudentInfo\Lab03_StudentInfo.csproj", "{178AE413-0B2B-474D-BF25-8F1E85309BDC}"
EndProject
Project("{9A19103F-16F7-4668-BE54-9A1E7A4F7556}") = "Lab04_TriangleArea", "Lab4_TriangleArea\Lab04_TriangleArea.csproj", "{ED1199FE-D735-4CD9-AD75-5150ABA3BA2E}"
EndProject
Project("{9A19103F-16F7-4668-BE54-9A1E7A4F7556}") = "Lab05_Cylindrical", "Lab05_Cylindrical\Lab05_Cylindrical.csproj", "{83546C57-C1F4-4EAD-973D-76A4662E0693}"
EndProject
Project("{9A19103F-16F7-4668-BE54-9A1E7A4F7556}") = "Lab06_DateTimeNow", "Lab06_DateTimeNow\Lab06_DateTimeNow.csproj", "{33BEB69C-6BF1-4CAC-BF1C-E3ED3CC287D7}"
EndProject
Project("{9A19103F-16F7-4668-BE54-9A1E7A4F7556}") = "Lab07_CalSumGrade", "Lab07_CalSumGrade\Lab07_CalSumGrade.csproj", "{ACF214FE-14DE-458B-9495-B631091D63F7}"
EndProject
Project("{9A19103F-16F7-4668-BE54-9A1E7A4F7556}") = "Lab08_Mean", "Lab08_Mean\Lab08_Mean.csproj", "{F5CCB1ED-B6A7-4580-8FE9-BD2811BBB40C}"
EndProject
Project("{9A19103F-16F7-4668-BE54-9A1E7A4F7556}") = "EX1_Switch", "EX1_Switch\EX1_Switch.csproj", "{952DBBE6-35A3-4C75-9C18-67C52867EB9E}"
EndProject
Project("{9A19103F-16F7-4668-BE54-9A1E7A4F7556}") = "Lab09_IF_ELSE_01", "Lab09_IF_ELSE_01\Lab09_IF_ELSE_01.csproj", "{44D801B0-36AE-409D-AE91-A80D247C5D18}"
EndProject
Project("{9A19103F-16F7-4668-BE54-9A1E7A4F7556}") = "Lab10_IF_ELSE_06", "Lab10_IF_ELSE_05\Lab10_IF_ELSE_06.csproj", "{58E61C81-0599-48CA-BD36-73526D22BC1C}"
EndProject
Project("{9A19103F-16F7-4668-BE54-9A1E7A4F7556}") = "Lab11_IF_ELSE_07", "Lab11_IF_ELSE_07\Lab11_IF_ELSE_07.csproj", "{2CF194C3-67EF-4CE7-9F75-648163434171}"
EndProject
Project("{9A19103F-16F7-4668-BE54-9A1E7A4F7556}") = "Lab12_IF_ELSE_8", "Lab12_IF_ELSE_8\Lab12_IF_ELSE_8.csproj", "{DADDD619-EA7C-42A9-A559-B171305BDF26}"
EndProject
Project("{9A19103F-16F7-4668-BE54-9A1E7A4F7556}") = "Lab13_IF_ELSE_9", "Lab13_IF_ELSE_9\Lab13_IF_ELSE_9.csproj", "{9EA31CB3-5C3A-4376-844E-49F91D3EF567}"
EndProject
Project("{9A19103F-16F7-4668-BE54-9A1E7A4F7556}") = "Lab14_IF_ELSE_10", "Lab14_IF_ELSE_10\Lab14_IF_ELSE_10.csproj", "{2FB6EFCA-AA9F-4F19-A9EF-873C0076BFDF}"
EndProject
Project("{FAE04EC0-301F-11D3-BF4B-00C04F79EFBC}") = "Lab15_IF_ELSE_12", "Lab15_IF_ELSE_12\Lab15_IF_ELSE_12.csproj", "{A1419EB1-8B38-4992-8748-79F69AE3AA6A}"
EndProject
Project("{FAE04EC0-301F-11D3-BF4B-00C04F79EFBC}") = "Lab16_IF_ELSE_14", "Lab16_IF_ELSE_14\Lab16_IF_ELSE_14.csproj", "{594E9518-F179-4AFB-A870-921E473197E5}"
EndProject
Project("{FAE04EC0-301F-11D3-BF4B-00C04F79EFBC}") = "Lab17_IF_ELSE_23", "Lab17_IF_ELSE_23\Lab17_IF_ELSE_23.csproj", "{7FB9222A-9533-49D0-BFE2-F5C970D220A1}"
EndProject
Project("{FAE04EC0-301F-11D3-BF4B-00C04F79EFBC}") = "EX2_WhileLoop", "EX2_WhileLoop\EX2_WhileLoop.csproj", "{DDC1FDF7-34BB-4CEF-B74C-0BD3622AA5C9}"
EndProject
Project("{FAE04EC0-301F-11D3-BF4B-00C04F79EFBC}") = "EX3_WhileLoop_Sum", "EX3_WhileLoop_Sum\EX3_WhileLoop_Sum.csproj", "{15D79E66-B169-48E5-AA2E-CD0762814A44}"
EndProject
Project("{FAE04EC0-301F-11D3-BF4B-00C04F79EFBC}") = "EX4_WhileLoop_Countinue", "EX4_WhileLoop_Countinue\EX4_WhileLoop_Countinue.csproj", "{3FF3B66B-9151-4FAA-B1FD-ED14AE083C07}"
EndProject
Project("{FAE04EC0-301F-11D3-BF4B-00C04F79EFBC}") = "EX5_Loop_ForLoop", "EX5_Loop_ForLoop\EX5_Loop_ForLoop.csproj", "{591C84ED-9081-44D2-9A7D-BB8E2B286382}"
EndProject
Project("{FAE04EC0-301F-11D3-BF4B-00C04F79EFBC}") = "Lab18_Loop_1", "Lab18_Loop_1\Lab18_Loop_1.csproj", "{2DDE7404-FE3A-4CC9-8659-DBE5F1590AD2}"
EndProject
Project("{FAE04EC0-301F-11D3-BF4B-00C04F79EFBC}") = "Lab19_Loop_2", "Lab19_Loop_2\Lab19_Loop_2.csproj", "{33838415-C509-4394-9AAE-73A903036AD0}"
EndProject
Project("{FAE04EC0-301F-11D3-BF4B-00C04F79EFBC}") = "Lab20_Loop_3", "Lab20_Loop_3\Lab20_Loop_3.csproj", "{2AD706A7-9FEC-4C1E-94DD-B2D47CD78B9E}"
EndProject
Project("{FAE04EC0-301F-11D3-BF4B-00C04F79EFBC}") = "Lab21_Loop_4", "Lab21_Loop_4\Lab21_Loop_4.csproj", "{E0C3E49D-AB3A-4470-9700-4A7AEA476834}"
EndProject
Project("{FAE04EC0-301F-11D3-BF4B-00C04F79EFBC}") = "EX6_Method", "EX6_Method\EX6_Method.csproj", "{EF2666C5-DBAF-447F-B465-BEFFE3756E6E}"
EndProject
Global
	GlobalSection(SolutionConfigurationPlatforms) = preSolution
		Debug|Any CPU = Debug|Any CPU
		Release|Any CPU = Release|Any CPU
	EndGlobalSection
	GlobalSection(ProjectConfigurationPlatforms) = postSolution
		{DFF7CB72-488C-494E-B538-67823A1B3BB8}.Debug|Any CPU.ActiveCfg = Debug|Any CPU
		{DFF7CB72-488C-494E-B538-67823A1B3BB8}.Debug|Any CPU.Build.0 = Debug|Any CPU
		{DFF7CB72-488C-494E-B538-67823A1B3BB8}.Release|Any CPU.ActiveCfg = Release|Any CPU
		{DFF7CB72-488C-494E-B538-67823A1B3BB8}.Release|Any CPU.Build.0 = Release|Any CPU
		{351B6DAB-5029-4045-9CE1-4534FB816162}.Debug|Any CPU.ActiveCfg = Debug|Any CPU
		{351B6DAB-5029-4045-9CE1-4534FB816162}.Debug|Any CPU.Build.0 = Debug|Any CPU
		{351B6DAB-5029-4045-9CE1-4534FB816162}.Release|Any CPU.ActiveCfg = Release|Any CPU
		{351B6DAB-5029-4045-9CE1-4534FB816162}.Release|Any CPU.Build.0 = Release|Any CPU
		{178AE413-0B2B-474D-BF25-8F1E85309BDC}.Debug|Any CPU.ActiveCfg = Debug|Any CPU
		{178AE413-0B2B-474D-BF25-8F1E85309BDC}.Debug|Any CPU.Build.0 = Debug|Any CPU
		{178AE413-0B2B-474D-BF25-8F1E85309BDC}.Release|Any CPU.ActiveCfg = Release|Any CPU
		{178AE413-0B2B-474D-BF25-8F1E85309BDC}.Release|Any CPU.Build.0 = Release|Any CPU
		{ED1199FE-D735-4CD9-AD75-5150ABA3BA2E}.Debug|Any CPU.ActiveCfg = Debug|Any CPU
		{ED1199FE-D735-4CD9-AD75-5150ABA3BA2E}.Debug|Any CPU.Build.0 = Debug|Any CPU
		{ED1199FE-D735-4CD9-AD75-5150ABA3BA2E}.Release|Any CPU.ActiveCfg = Release|Any CPU
		{ED1199FE-D735-4CD9-AD75-5150ABA3BA2E}.Release|Any CPU.Build.0 = Release|Any CPU
		{83546C57-C1F4-4EAD-973D-76A4662E0693}.Debug|Any CPU.ActiveCfg = Debug|Any CPU
		{83546C57-C1F4-4EAD-973D-76A4662E0693}.Debug|Any CPU.Build.0 = Debug|Any CPU
		{83546C57-C1F4-4EAD-973D-76A4662E0693}.Release|Any CPU.ActiveCfg = Release|Any CPU
		{83546C57-C1F4-4EAD-973D-76A4662E0693}.Release|Any CPU.Build.0 = Release|Any CPU
		{33BEB69C-6BF1-4CAC-BF1C-E3ED3CC287D7}.Debug|Any CPU.ActiveCfg = Debug|Any CPU
		{33BEB69C-6BF1-4CAC-BF1C-E3ED3CC287D7}.Debug|Any CPU.Build.0 = Debug|Any CPU
		{33BEB69C-6BF1-4CAC-BF1C-E3ED3CC287D7}.Release|Any CPU.ActiveCfg = Release|Any CPU
		{33BEB69C-6BF1-4CAC-BF1C-E3ED3CC287D7}.Release|Any CPU.Build.0 = Release|Any CPU
		{ACF214FE-14DE-458B-9495-B631091D63F7}.Debug|Any CPU.ActiveCfg = Debug|Any CPU
		{ACF214FE-14DE-458B-9495-B631091D63F7}.Debug|Any CPU.Build.0 = Debug|Any CPU
		{ACF214FE-14DE-458B-9495-B631091D63F7}.Release|Any CPU.ActiveCfg = Release|Any CPU
		{ACF214FE-14DE-458B-9495-B631091D63F7}.Release|Any CPU.Build.0 = Release|Any CPU
		{F5CCB1ED-B6A7-4580-8FE9-BD2811BBB40C}.Debug|Any CPU.ActiveCfg = Debug|Any CPU
		{F5CCB1ED-B6A7-4580-8FE9-BD2811BBB40C}.Debug|Any CPU.Build.0 = Debug|Any CPU
		{F5CCB1ED-B6A7-4580-8FE9-BD2811BBB40C}.Release|Any CPU.ActiveCfg = Release|Any CPU
		{F5CCB1ED-B6A7-4580-8FE9-BD2811BBB40C}.Release|Any CPU.Build.0 = Release|Any CPU
		{952DBBE6-35A3-4C75-9C18-67C52867EB9E}.Debug|Any CPU.ActiveCfg = Debug|Any CPU
		{952DBBE6-35A3-4C75-9C18-67C52867EB9E}.Debug|Any CPU.Build.0 = Debug|Any CPU
		{952DBBE6-35A3-4C75-9C18-67C52867EB9E}.Release|Any CPU.ActiveCfg = Release|Any CPU
		{952DBBE6-35A3-4C75-9C18-67C52867EB9E}.Release|Any CPU.Build.0 = Release|Any CPU
		{44D801B0-36AE-409D-AE91-A80D247C5D18}.Debug|Any CPU.ActiveCfg = Debug|Any CPU
		{44D801B0-36AE-409D-AE91-A80D247C5D18}.Debug|Any CPU.Build.0 = Debug|Any CPU
		{44D801B0-36AE-409D-AE91-A80D247C5D18}.Release|Any CPU.ActiveCfg = Release|Any CPU
		{44D801B0-36AE-409D-AE91-A80D247C5D18}.Release|Any CPU.Build.0 = Release|Any CPU
		{58E61C81-0599-48CA-BD36-73526D22BC1C}.Debug|Any CPU.ActiveCfg = Debug|Any CPU
		{58E61C81-0599-48CA-BD36-73526D22BC1C}.Debug|Any CPU.Build.0 = Debug|Any CPU
		{58E61C81-0599-48CA-BD36-73526D22BC1C}.Release|Any CPU.ActiveCfg = Release|Any CPU
		{58E61C81-0599-48CA-BD36-73526D22BC1C}.Release|Any CPU.Build.0 = Release|Any CPU
		{2CF194C3-67EF-4CE7-9F75-648163434171}.Debug|Any CPU.ActiveCfg = Debug|Any CPU
		{2CF194C3-67EF-4CE7-9F75-648163434171}.Debug|Any CPU.Build.0 = Debug|Any CPU
		{2CF194C3-67EF-4CE7-9F75-648163434171}.Release|Any CPU.ActiveCfg = Release|Any CPU
		{2CF194C3-67EF-4CE7-9F75-648163434171}.Release|Any CPU.Build.0 = Release|Any CPU
		{DADDD619-EA7C-42A9-A559-B171305BDF26}.Debug|Any CPU.ActiveCfg = Debug|Any CPU
		{DADDD619-EA7C-42A9-A559-B171305BDF26}.Debug|Any CPU.Build.0 = Debug|Any CPU
		{DADDD619-EA7C-42A9-A559-B171305BDF26}.Release|Any CPU.ActiveCfg = Release|Any CPU
		{DADDD619-EA7C-42A9-A559-B171305BDF26}.Release|Any CPU.Build.0 = Release|Any CPU
		{9EA31CB3-5C3A-4376-844E-49F91D3EF567}.Debug|Any CPU.ActiveCfg = Debug|Any CPU
		{9EA31CB3-5C3A-4376-844E-49F91D3EF567}.Debug|Any CPU.Build.0 = Debug|Any CPU
		{9EA31CB3-5C3A-4376-844E-49F91D3EF567}.Release|Any CPU.ActiveCfg = Release|Any CPU
		{9EA31CB3-5C3A-4376-844E-49F91D3EF567}.Release|Any CPU.Build.0 = Release|Any CPU
		{2FB6EFCA-AA9F-4F19-A9EF-873C0076BFDF}.Debug|Any CPU.ActiveCfg = Debug|Any CPU
		{2FB6EFCA-AA9F-4F19-A9EF-873C0076BFDF}.Debug|Any CPU.Build.0 = Debug|Any CPU
		{2FB6EFCA-AA9F-4F19-A9EF-873C0076BFDF}.Release|Any CPU.ActiveCfg = Release|Any CPU
		{2FB6EFCA-AA9F-4F19-A9EF-873C0076BFDF}.Release|Any CPU.Build.0 = Release|Any CPU
		{A1419EB1-8B38-4992-8748-79F69AE3AA6A}.Debug|Any CPU.ActiveCfg = Debug|Any CPU
		{A1419EB1-8B38-4992-8748-79F69AE3AA6A}.Debug|Any CPU.Build.0 = Debug|Any CPU
		{A1419EB1-8B38-4992-8748-79F69AE3AA6A}.Release|Any CPU.ActiveCfg = Release|Any CPU
		{A1419EB1-8B38-4992-8748-79F69AE3AA6A}.Release|Any CPU.Build.0 = Release|Any CPU
		{594E9518-F179-4AFB-A870-921E473197E5}.Debug|Any CPU.ActiveCfg = Debug|Any CPU
		{594E9518-F179-4AFB-A870-921E473197E5}.Debug|Any CPU.Build.0 = Debug|Any CPU
		{594E9518-F179-4AFB-A870-921E473197E5}.Release|Any CPU.ActiveCfg = Release|Any CPU
		{594E9518-F179-4AFB-A870-921E473197E5}.Release|Any CPU.Build.0 = Release|Any CPU
		{7FB9222A-9533-49D0-BFE2-F5C970D220A1}.Debug|Any CPU.ActiveCfg = Debug|Any CPU
		{7FB9222A-9533-49D0-BFE2-F5C970D220A1}.Debug|Any CPU.Build.0 = Debug|Any CPU
		{7FB9222A-9533-49D0-BFE2-F5C970D220A1}.Release|Any CPU.ActiveCfg = Release|Any CPU
		{7FB9222A-9533-49D0-BFE2-F5C970D220A1}.Release|Any CPU.Build.0 = Release|Any CPU
		{DDC1FDF7-34BB-4CEF-B74C-0BD3622AA5C9}.Debug|Any CPU.ActiveCfg = Debug|Any CPU
		{DDC1FDF7-34BB-4CEF-B74C-0BD3622AA5C9}.Debug|Any CPU.Build.0 = Debug|Any CPU
		{DDC1FDF7-34BB-4CEF-B74C-0BD3622AA5C9}.Release|Any CPU.ActiveCfg = Release|Any CPU
		{DDC1FDF7-34BB-4CEF-B74C-0BD3622AA5C9}.Release|Any CPU.Build.0 = Release|Any CPU
		{15D79E66-B169-48E5-AA2E-CD0762814A44}.Debug|Any CPU.ActiveCfg = Debug|Any CPU
		{15D79E66-B169-48E5-AA2E-CD0762814A44}.Debug|Any CPU.Build.0 = Debug|Any CPU
		{15D79E66-B169-48E5-AA2E-CD0762814A44}.Release|Any CPU.ActiveCfg = Release|Any CPU
		{15D79E66-B169-48E5-AA2E-CD0762814A44}.Release|Any CPU.Build.0 = Release|Any CPU
		{3FF3B66B-9151-4FAA-B1FD-ED14AE083C07}.Debug|Any CPU.ActiveCfg = Debug|Any CPU
		{3FF3B66B-9151-4FAA-B1FD-ED14AE083C07}.Debug|Any CPU.Build.0 = Debug|Any CPU
		{3FF3B66B-9151-4FAA-B1FD-ED14AE083C07}.Release|Any CPU.ActiveCfg = Release|Any CPU
		{3FF3B66B-9151-4FAA-B1FD-ED14AE083C07}.Release|Any CPU.Build.0 = Release|Any CPU
		{591C84ED-9081-44D2-9A7D-BB8E2B286382}.Debug|Any CPU.ActiveCfg = Debug|Any CPU
		{591C84ED-9081-44D2-9A7D-BB8E2B286382}.Debug|Any CPU.Build.0 = Debug|Any CPU
		{591C84ED-9081-44D2-9A7D-BB8E2B286382}.Release|Any CPU.ActiveCfg = Release|Any CPU
		{591C84ED-9081-44D2-9A7D-BB8E2B286382}.Release|Any CPU.Build.0 = Release|Any CPU
		{2DDE7404-FE3A-4CC9-8659-DBE5F1590AD2}.Debug|Any CPU.ActiveCfg = Debug|Any CPU
		{2DDE7404-FE3A-4CC9-8659-DBE5F1590AD2}.Debug|Any CPU.Build.0 = Debug|Any CPU
		{2DDE7404-FE3A-4CC9-8659-DBE5F1590AD2}.Release|Any CPU.ActiveCfg = Release|Any CPU
		{2DDE7404-FE3A-4CC9-8659-DBE5F1590AD2}.Release|Any CPU.Build.0 = Release|Any CPU
		{33838415-C509-4394-9AAE-73A903036AD0}.Debug|Any CPU.ActiveCfg = Debug|Any CPU
		{33838415-C509-4394-9AAE-73A903036AD0}.Debug|Any CPU.Build.0 = Debug|Any CPU
		{33838415-C509-4394-9AAE-73A903036AD0}.Release|Any CPU.ActiveCfg = Release|Any CPU
		{33838415-C509-4394-9AAE-73A903036AD0}.Release|Any CPU.Build.0 = Release|Any CPU
		{2AD706A7-9FEC-4C1E-94DD-B2D47CD78B9E}.Debug|Any CPU.ActiveCfg = Debug|Any CPU
		{2AD706A7-9FEC-4C1E-94DD-B2D47CD78B9E}.Debug|Any CPU.Build.0 = Debug|Any CPU
		{2AD706A7-9FEC-4C1E-94DD-B2D47CD78B9E}.Release|Any CPU.ActiveCfg = Release|Any CPU
		{2AD706A7-9FEC-4C1E-94DD-B2D47CD78B9E}.Release|Any CPU.Build.0 = Release|Any CPU
		{E0C3E49D-AB3A-4470-9700-4A7AEA476834}.Debug|Any CPU.ActiveCfg = Debug|Any CPU
		{E0C3E49D-AB3A-4470-9700-4A7AEA476834}.Debug|Any CPU.Build.0 = Debug|Any CPU
		{E0C3E49D-AB3A-4470-9700-4A7AEA476834}.Release|Any CPU.ActiveCfg = Release|Any CPU
		{E0C3E49D-AB3A-4470-9700-4A7AEA476834}.Release|Any CPU.Build.0 = Release|Any CPU
		{EF2666C5-DBAF-447F-B465-BEFFE3756E6E}.Debug|Any CPU.ActiveCfg = Debug|Any CPU
		{EF2666C5-DBAF-447F-B465-BEFFE3756E6E}.Debug|Any CPU.Build.0 = Debug|Any CPU
		{EF2666C5-DBAF-447F-B465-BEFFE3756E6E}.Release|Any CPU.ActiveCfg = Release|Any CPU
		{EF2666C5-DBAF-447F-B465-BEFFE3756E6E}.Release|Any CPU.Build.0 = Release|Any CPU
	EndGlobalSection
	GlobalSection(SolutionProperties) = preSolution
		HideSolutionNode = FALSE
	EndGlobalSection
	GlobalSection(ExtensibilityGlobals) = postSolution
		SolutionGuid = {A23D3FBB-48D4-41C7-A3AE-25B005DFEB0D}
	EndGlobalSection
EndGlobal
